
Microsoft Visual Studio Solution File, Format Version 12.00
# Visual Studio 15
VisualStudioVersion = 15.0.26430.16
MinimumVisualStudioVersion = 10.0.40219.1
Project("{2150E333-8FDC-42A3-9474-1A3956D46DE8}") = "Basics", "Basics", "{EFAF0107-0A41-4796-A95A-6340D7DA6116}"
EndProject
Project("{FAE04EC0-301F-11D3-BF4B-00C04F79EFBC}") = "CSharp.Learn.Namsespace", "CSharp.Learn.Namsespace\CSharp.Learn.Namsespace.csproj", "{A5F90B86-EDB9-4AD3-A293-220C2F355D20}"
EndProject
Project("{FAE04EC0-301F-11D3-BF4B-00C04F79EFBC}") = "HesapMakinesi", "HesapMakinesi\HesapMakinesi.csproj", "{35C14B8B-F3D1-4BE8-91A8-9429FD044CDF}"
EndProject
Project("{2150E333-8FDC-42A3-9474-1A3956D46DE8}") = "OOP", "OOP", "{977DCF78-16CC-49AB-9D55-8D3E5BF7402F}"
EndProject
Project("{FAE04EC0-301F-11D3-BF4B-00C04F79EFBC}") = "Abstraction", "Abstraction\Abstraction.csproj", "{E0D5B1EE-34BC-4C1C-9958-0A2B0D2E3758}"
EndProject
Project("{2150E333-8FDC-42A3-9474-1A3956D46DE8}") = "Kafe", "Kafe", "{4C53432A-8C88-43BA-A81A-235A7D0604BF}"
EndProject
Project("{FAE04EC0-301F-11D3-BF4B-00C04F79EFBC}") = "KafeYonetim.Lib", "KafeYonetim.Lib\KafeYonetim.Lib.csproj", "{CB8C3D8A-5440-4164-A1BF-A899442E9F87}"
EndProject
Project("{FAE04EC0-301F-11D3-BF4B-00C04F79EFBC}") = "KafeYonetim.Sunum.ConsoleApp", "KafeYonetim.Sunum.ConsoleApp\KafeYonetim.Sunum.ConsoleApp.csproj", "{BFF026D0-5E6F-435A-90EE-04F5B14292C7}"
EndProject
Project("{FAE04EC0-301F-11D3-BF4B-00C04F79EFBC}") = "Inheritance", "Inheritance\Inheritance.csproj", "{F82D359B-0C87-4824-93E9-5D08A541112E}"
EndProject
Global
	GlobalSection(SolutionConfigurationPlatforms) = preSolution
		Debug|Any CPU = Debug|Any CPU
		Release|Any CPU = Release|Any CPU
	EndGlobalSection
	GlobalSection(ProjectConfigurationPlatforms) = postSolution
		{A5F90B86-EDB9-4AD3-A293-220C2F355D20}.Debug|Any CPU.ActiveCfg = Debug|Any CPU
		{A5F90B86-EDB9-4AD3-A293-220C2F355D20}.Debug|Any CPU.Build.0 = Debug|Any CPU
		{A5F90B86-EDB9-4AD3-A293-220C2F355D20}.Release|Any CPU.ActiveCfg = Release|Any CPU
		{A5F90B86-EDB9-4AD3-A293-220C2F355D20}.Release|Any CPU.Build.0 = Release|Any CPU
		{35C14B8B-F3D1-4BE8-91A8-9429FD044CDF}.Debug|Any CPU.ActiveCfg = Debug|Any CPU
		{35C14B8B-F3D1-4BE8-91A8-9429FD044CDF}.Debug|Any CPU.Build.0 = Debug|Any CPU
		{35C14B8B-F3D1-4BE8-91A8-9429FD044CDF}.Release|Any CPU.ActiveCfg = Release|Any CPU
		{35C14B8B-F3D1-4BE8-91A8-9429FD044CDF}.Release|Any CPU.Build.0 = Release|Any CPU
		{E0D5B1EE-34BC-4C1C-9958-0A2B0D2E3758}.Debug|Any CPU.ActiveCfg = Debug|Any CPU
		{E0D5B1EE-34BC-4C1C-9958-0A2B0D2E3758}.Debug|Any CPU.Build.0 = Debug|Any CPU
		{E0D5B1EE-34BC-4C1C-9958-0A2B0D2E3758}.Release|Any CPU.ActiveCfg = Release|Any CPU
		{E0D5B1EE-34BC-4C1C-9958-0A2B0D2E3758}.Release|Any CPU.Build.0 = Release|Any CPU
		{CB8C3D8A-5440-4164-A1BF-A899442E9F87}.Debug|Any CPU.ActiveCfg = Debug|Any CPU
		{CB8C3D8A-5440-4164-A1BF-A899442E9F87}.Debug|Any CPU.Build.0 = Debug|Any CPU
		{CB8C3D8A-5440-4164-A1BF-A899442E9F87}.Release|Any CPU.ActiveCfg = Release|Any CPU
		{CB8C3D8A-5440-4164-A1BF-A899442E9F87}.Release|Any CPU.Build.0 = Release|Any CPU
		{BFF026D0-5E6F-435A-90EE-04F5B14292C7}.Debug|Any CPU.ActiveCfg = Debug|Any CPU
		{BFF026D0-5E6F-435A-90EE-04F5B14292C7}.Debug|Any CPU.Build.0 = Debug|Any CPU
		{BFF026D0-5E6F-435A-90EE-04F5B14292C7}.Release|Any CPU.ActiveCfg = Release|Any CPU
		{BFF026D0-5E6F-435A-90EE-04F5B14292C7}.Release|Any CPU.Build.0 = Release|Any CPU
		{F82D359B-0C87-4824-93E9-5D08A541112E}.Debug|Any CPU.ActiveCfg = Debug|Any CPU
		{F82D359B-0C87-4824-93E9-5D08A541112E}.Debug|Any CPU.Build.0 = Debug|Any CPU
		{F82D359B-0C87-4824-93E9-5D08A541112E}.Release|Any CPU.ActiveCfg = Release|Any CPU
		{F82D359B-0C87-4824-93E9-5D08A541112E}.Release|Any CPU.Build.0 = Release|Any CPU
	EndGlobalSection
	GlobalSection(SolutionProperties) = preSolution
		HideSolutionNode = FALSE
	EndGlobalSection
	GlobalSection(NestedProjects) = preSolution
		{A5F90B86-EDB9-4AD3-A293-220C2F355D20} = {EFAF0107-0A41-4796-A95A-6340D7DA6116}
		{35C14B8B-F3D1-4BE8-91A8-9429FD044CDF} = {EFAF0107-0A41-4796-A95A-6340D7DA6116}
		{E0D5B1EE-34BC-4C1C-9958-0A2B0D2E3758} = {977DCF78-16CC-49AB-9D55-8D3E5BF7402F}
		{CB8C3D8A-5440-4164-A1BF-A899442E9F87} = {4C53432A-8C88-43BA-A81A-235A7D0604BF}
		{BFF026D0-5E6F-435A-90EE-04F5B14292C7} = {4C53432A-8C88-43BA-A81A-235A7D0604BF}
		{F82D359B-0C87-4824-93E9-5D08A541112E} = {977DCF78-16CC-49AB-9D55-8D3E5BF7402F}
	EndGlobalSection
	GlobalSection(ExtensibilityGlobals) = postSolution
		SolutionGuid = {7C750670-6C87-4E35-9AA5-F0B62776FD42}
	EndGlobalSection
EndGlobal
